
Microsoft Visual Studio Solution File, Format Version 12.00
# Visual Studio Version 16
VisualStudioVersion = 16.0.29020.237
MinimumVisualStudioVersion = 10.0.40219.1
Project("{FAE04EC0-301F-11D3-BF4B-00C04F79EFBC}") = "program", "program.csproj", "{C7529C59-DDEE-4E63-902E-E7B4E4CA534A}"
EndProject
Global
	GlobalSection(SolutionConfigurationPlatforms) = preSolution
		Debug|Any CPU = Debug|Any CPU
		Release|Any CPU = Release|Any CPU
	EndGlobalSection
	GlobalSection(ProjectConfigurationPlatforms) = postSolution
		{C7529C59-DDEE-4E63-902E-E7B4E4CA534A}.Debug|Any CPU.ActiveCfg = Debug|Any CPU
		{C7529C59-DDEE-4E63-902E-E7B4E4CA534A}.Debug|Any CPU.Build.0 = Debug|Any CPU
		{C7529C59-DDEE-4E63-902E-E7B4E4CA534A}.Release|Any CPU.ActiveCfg = Release|Any CPU
		{C7529C59-DDEE-4E63-902E-E7B4E4CA534A}.Release|Any CPU.Build.0 = Release|Any CPU
	EndGlobalSection
	GlobalSection(SolutionProperties) = preSolution
		HideSolutionNode = FALSE
	EndGlobalSection
	GlobalSection(ExtensibilityGlobals) = postSolution
		SolutionGuid = {771323F4-A5DF-4317-AC3A-BAA1E7611B3F}
	EndGlobalSection
EndGlobal
